
Microsoft Visual Studio Solution File, Format Version 12.00
# Visual Studio 15
VisualStudioVersion = 15.0.26730.12
MinimumVisualStudioVersion = 10.0.40219.1
Project("{FAE04EC0-301F-11D3-BF4B-00C04F79EFBC}") = "TwilioVideoDemo", "TwilioVideoDemo\TwilioVideoDemo.csproj", "{A6F2DB2E-219C-4722-AE15-3CBF7705AE96}"
EndProject
Project("{FAE04EC0-301F-11D3-BF4B-00C04F79EFBC}") = "Binding_VideoAndroid", "TwilioVideoDemo\AndroidBindings\Binding_VideoAndroid\Binding_VideoAndroid.csproj", "{23FCCA75-D90C-4DA4-80C9-AD8CF75E85D3}"
EndProject
Global
	GlobalSection(SolutionConfigurationPlatforms) = preSolution
		Debug|Any CPU = Debug|Any CPU
		Release|Any CPU = Release|Any CPU
	EndGlobalSection
	GlobalSection(ProjectConfigurationPlatforms) = postSolution
		{A6F2DB2E-219C-4722-AE15-3CBF7705AE96}.Debug|Any CPU.ActiveCfg = Debug|Any CPU
		{A6F2DB2E-219C-4722-AE15-3CBF7705AE96}.Debug|Any CPU.Build.0 = Debug|Any CPU
		{A6F2DB2E-219C-4722-AE15-3CBF7705AE96}.Debug|Any CPU.Deploy.0 = Debug|Any CPU
		{A6F2DB2E-219C-4722-AE15-3CBF7705AE96}.Release|Any CPU.ActiveCfg = Release|Any CPU
		{A6F2DB2E-219C-4722-AE15-3CBF7705AE96}.Release|Any CPU.Build.0 = Release|Any CPU
		{A6F2DB2E-219C-4722-AE15-3CBF7705AE96}.Release|Any CPU.Deploy.0 = Release|Any CPU
		{23FCCA75-D90C-4DA4-80C9-AD8CF75E85D3}.Debug|Any CPU.ActiveCfg = Debug|Any CPU
		{23FCCA75-D90C-4DA4-80C9-AD8CF75E85D3}.Debug|Any CPU.Build.0 = Debug|Any CPU
		{23FCCA75-D90C-4DA4-80C9-AD8CF75E85D3}.Release|Any CPU.ActiveCfg = Release|Any CPU
		{23FCCA75-D90C-4DA4-80C9-AD8CF75E85D3}.Release|Any CPU.Build.0 = Release|Any CPU
	EndGlobalSection
	GlobalSection(SolutionProperties) = preSolution
		HideSolutionNode = FALSE
	EndGlobalSection
	GlobalSection(ExtensibilityGlobals) = postSolution
		SolutionGuid = {CE9A8E94-1289-4AA1-8053-CFF24ED43B9B}
	EndGlobalSection
EndGlobal
